
Microsoft Visual Studio Solution File, Format Version 12.00
# Visual Studio Version 17
VisualStudioVersion = 17.4.33110.190
MinimumVisualStudioVersion = 10.0.40219.1
Project("{9A19103F-16F7-4668-BE54-9A1E7A4F7556}") = "Tasker-Opdracht-MVC", "Tasker-Opdracht-MVC\Tasker-Opdracht-MVC.csproj", "{71B390A9-DA4C-431C-9667-6AE8D5774C57}"
EndProject
Project("{9A19103F-16F7-4668-BE54-9A1E7A4F7556}") = "Tests", "Tests\Tests.csproj", "{DAB805EA-2C5C-4278-9267-24C7CB75631B}"
EndProject
Global
	GlobalSection(SolutionConfigurationPlatforms) = preSolution
		Debug|Any CPU = Debug|Any CPU
		Release|Any CPU = Release|Any CPU
	EndGlobalSection
	GlobalSection(ProjectConfigurationPlatforms) = postSolution
		{71B390A9-DA4C-431C-9667-6AE8D5774C57}.Debug|Any CPU.ActiveCfg = Debug|Any CPU
		{71B390A9-DA4C-431C-9667-6AE8D5774C57}.Debug|Any CPU.Build.0 = Debug|Any CPU
		{71B390A9-DA4C-431C-9667-6AE8D5774C57}.Release|Any CPU.ActiveCfg = Release|Any CPU
		{71B390A9-DA4C-431C-9667-6AE8D5774C57}.Release|Any CPU.Build.0 = Release|Any CPU
		{DAB805EA-2C5C-4278-9267-24C7CB75631B}.Debug|Any CPU.ActiveCfg = Debug|Any CPU
		{DAB805EA-2C5C-4278-9267-24C7CB75631B}.Debug|Any CPU.Build.0 = Debug|Any CPU
		{DAB805EA-2C5C-4278-9267-24C7CB75631B}.Release|Any CPU.ActiveCfg = Release|Any CPU
		{DAB805EA-2C5C-4278-9267-24C7CB75631B}.Release|Any CPU.Build.0 = Release|Any CPU
	EndGlobalSection
	GlobalSection(SolutionProperties) = preSolution
		HideSolutionNode = FALSE
	EndGlobalSection
	GlobalSection(ExtensibilityGlobals) = postSolution
		SolutionGuid = {1F51943B-0CFD-4330-B852-ABBA7A9CFC1E}
	EndGlobalSection
EndGlobal
